// !$*UTF8*$!
{
	archiveVersion = 1;
	classes = {
	};
	objectVersion = 50;
	objects = {

/* Begin PBXBuildFile section */
		C62A7494214CD8BD00CAC34D /* RecommendViewController.swift in Sources */ = {isa = PBXBuildFile; fileRef = C62A7493214CD8BD00CAC34D /* RecommendViewController.swift */; };
		C672A486214A38970068C75F /* AppDelegate.swift in Sources */ = {isa = PBXBuildFile; fileRef = C672A485214A38970068C75F /* AppDelegate.swift */; };
		C672A48B214A38970068C75F /* Main.storyboard in Resources */ = {isa = PBXBuildFile; fileRef = C672A489214A38970068C75F /* Main.storyboard */; };
		C672A48D214A38970068C75F /* Assets.xcassets in Resources */ = {isa = PBXBuildFile; fileRef = C672A48C214A38970068C75F /* Assets.xcassets */; };
		C672A490214A38970068C75F /* LaunchScreen.storyboard in Resources */ = {isa = PBXBuildFile; fileRef = C672A48E214A38970068C75F /* LaunchScreen.storyboard */; };
		C672A498214A436A0068C75F /* Images.xcassets in Resources */ = {isa = PBXBuildFile; fileRef = C672A497214A436A0068C75F /* Images.xcassets */; };
		C672A4A4214A54580068C75F /* Home.storyboard in Resources */ = {isa = PBXBuildFile; fileRef = C672A4A2214A54580068C75F /* Home.storyboard */; };
		C672A4A7214A55150068C75F /* Live.storyboard in Resources */ = {isa = PBXBuildFile; fileRef = C672A4A5214A55150068C75F /* Live.storyboard */; };
		C672A4AA214A555E0068C75F /* Follow.storyboard in Resources */ = {isa = PBXBuildFile; fileRef = C672A4A8214A555E0068C75F /* Follow.storyboard */; };
		C672A4AD214A55950068C75F /* Profile.storyboard in Resources */ = {isa = PBXBuildFile; fileRef = C672A4AB214A55950068C75F /* Profile.storyboard */; };
		C672A4BC214A5EC40068C75F /* Home.storyboard in Resources */ = {isa = PBXBuildFile; fileRef = C672A4B8214A5EC40068C75F /* Home.storyboard */; };
		C672A4BD214A5EC40068C75F /* MainViewController.swift in Sources */ = {isa = PBXBuildFile; fileRef = C672A4BA214A5EC40068C75F /* MainViewController.swift */; };
		C672A4BF214A607D0068C75F /* HomeViewController.swift in Sources */ = {isa = PBXBuildFile; fileRef = C672A4BE214A607D0068C75F /* HomeViewController.swift */; };
		C672A4C2214A7A180068C75F /* UIBarButtonItem-Extension.swift in Sources */ = {isa = PBXBuildFile; fileRef = C672A4C1214A7A180068C75F /* UIBarButtonItem-Extension.swift */; };
		C672A4C4214B43AF0068C75F /* PageTitleView.swift in Sources */ = {isa = PBXBuildFile; fileRef = C672A4C3214B43AF0068C75F /* PageTitleView.swift */; };
		C672A4C6214B46B20068C75F /* Common.swift in Sources */ = {isa = PBXBuildFile; fileRef = C672A4C5214B46B20068C75F /* Common.swift */; };
		C672A4C8214B5ADE0068C75F /* PageContentView.swift in Sources */ = {isa = PBXBuildFile; fileRef = C672A4C7214B5ADD0068C75F /* PageContentView.swift */; };
		C672A4CA214B5E410068C75F /* UIColor-Extension.swift in Sources */ = {isa = PBXBuildFile; fileRef = C672A4C9214B5E410068C75F /* UIColor-Extension.swift */; };
/* End PBXBuildFile section */

/* Begin PBXFileReference section */
		C62A7493214CD8BD00CAC34D /* RecommendViewController.swift */ = {isa = PBXFileReference; lastKnownFileType = sourcecode.swift; path = RecommendViewController.swift; sourceTree = "<group>"; };
		C672A482214A38970068C75F /* DYZB.app */ = {isa = PBXFileReference; explicitFileType = wrapper.application; includeInIndex = 0; path = DYZB.app; sourceTree = BUILT_PRODUCTS_DIR; };
		C672A485214A38970068C75F /* AppDelegate.swift */ = {isa = PBXFileReference; lastKnownFileType = sourcecode.swift; path = AppDelegate.swift; sourceTree = "<group>"; };
		C672A48A214A38970068C75F /* Base */ = {isa = PBXFileReference; lastKnownFileType = file.storyboard; name = Base; path = Base.lproj/Main.storyboard; sourceTree = "<group>"; };
		C672A48C214A38970068C75F /* Assets.xcassets */ = {isa = PBXFileReference; lastKnownFileType = folder.assetcatalog; path = Assets.xcassets; sourceTree = "<group>"; };
		C672A48F214A38970068C75F /* Base */ = {isa = PBXFileReference; lastKnownFileType = file.storyboard; name = Base; path = Base.lproj/LaunchScreen.storyboard; sourceTree = "<group>"; };
		C672A491214A38970068C75F /* Info.plist */ = {isa = PBXFileReference; lastKnownFileType = text.plist.xml; path = Info.plist; sourceTree = "<group>"; };
		C672A497214A436A0068C75F /* Images.xcassets */ = {isa = PBXFileReference; lastKnownFileType = folder.assetcatalog; path = Images.xcassets; sourceTree = "<group>"; };
		C672A4A3214A54580068C75F /* Base */ = {isa = PBXFileReference; lastKnownFileType = file.storyboard; name = Base; path = DYZB/Classes/Main/Base.lproj/Home.storyboard; sourceTree = "<group>"; };
		C672A4A6214A55150068C75F /* Base */ = {isa = PBXFileReference; lastKnownFileType = file.storyboard; name = Base; path = DYZB/Base.lproj/Live.storyboard; sourceTree = "<group>"; };
		C672A4A9214A555E0068C75F /* Base */ = {isa = PBXFileReference; lastKnownFileType = file.storyboard; name = Base; path = DYZB/Classes/Main/DYZB/Base.lproj/Follow.storyboard; sourceTree = "<group>"; };
		C672A4AC214A55950068C75F /* Base */ = {isa = PBXFileReference; lastKnownFileType = file.storyboard; name = Base; path = DYZB/Classes/Main/Base.lproj/Profile.storyboard; sourceTree = "<group>"; };
		C672A4B9214A5EC40068C75F /* Base */ = {isa = PBXFileReference; lastKnownFileType = file.storyboard; name = Base; path = Base.lproj/Home.storyboard; sourceTree = "<group>"; };
		C672A4BA214A5EC40068C75F /* MainViewController.swift */ = {isa = PBXFileReference; fileEncoding = 4; lastKnownFileType = sourcecode.swift; path = MainViewController.swift; sourceTree = "<group>"; };
		C672A4BE214A607D0068C75F /* HomeViewController.swift */ = {isa = PBXFileReference; lastKnownFileType = sourcecode.swift; path = HomeViewController.swift; sourceTree = "<group>"; };
		C672A4C1214A7A180068C75F /* UIBarButtonItem-Extension.swift */ = {isa = PBXFileReference; lastKnownFileType = sourcecode.swift; path = "UIBarButtonItem-Extension.swift"; sourceTree = "<group>"; };
		C672A4C3214B43AF0068C75F /* PageTitleView.swift */ = {isa = PBXFileReference; lastKnownFileType = sourcecode.swift; path = PageTitleView.swift; sourceTree = "<group>"; };
		C672A4C5214B46B20068C75F /* Common.swift */ = {isa = PBXFileReference; lastKnownFileType = sourcecode.swift; path = Common.swift; sourceTree = "<group>"; };
		C672A4C7214B5ADD0068C75F /* PageContentView.swift */ = {isa = PBXFileReference; lastKnownFileType = sourcecode.swift; path = PageContentView.swift; sourceTree = "<group>"; };
		C672A4C9214B5E410068C75F /* UIColor-Extension.swift */ = {isa = PBXFileReference; lastKnownFileType = sourcecode.swift; path = "UIColor-Extension.swift"; sourceTree = "<group>"; };
/* End PBXFileReference section */

/* Begin PBXFrameworksBuildPhase section */
		C672A47F214A38970068C75F /* Frameworks */ = {
			isa = PBXFrameworksBuildPhase;
			buildActionMask = 2147483647;
			files = (
			);
			runOnlyForDeploymentPostprocessing = 0;
		};
/* End PBXFrameworksBuildPhase section */

/* Begin PBXGroup section */
		C672A479214A38970068C75F = {
			isa = PBXGroup;
			children = (
				C672A484214A38970068C75F /* DYZB */,
				C672A483214A38970068C75F /* Products */,
			);
			sourceTree = "<group>";
		};
		C672A483214A38970068C75F /* Products */ = {
			isa = PBXGroup;
			children = (
				C672A482214A38970068C75F /* DYZB.app */,
			);
			name = Products;
			sourceTree = "<group>";
		};
		C672A484214A38970068C75F /* DYZB */ = {
			isa = PBXGroup;
			children = (
				C672A49B214A47230068C75F /* Classes */,
				C672A485214A38970068C75F /* AppDelegate.swift */,
				C672A48C214A38970068C75F /* Assets.xcassets */,
				C672A48E214A38970068C75F /* LaunchScreen.storyboard */,
				C672A491214A38970068C75F /* Info.plist */,
				C672A497214A436A0068C75F /* Images.xcassets */,
			);
			path = DYZB;
			sourceTree = "<group>";
		};
		C672A49B214A47230068C75F /* Classes */ = {
			isa = PBXGroup;
			children = (
				C672A49F214A47230068C75F /* Main */,
				C672A49D214A47230068C75F /* Home */,
				C672A49E214A47230068C75F /* Live */,
				C672A49C214A47230068C75F /* Follew */,
				C672A4A0214A47230068C75F /* Profile */,
				C672A4A1214A47230068C75F /* Tools */,
			);
			path = Classes;
			sourceTree = "<group>";
		};
		C672A49C214A47230068C75F /* Follew */ = {
			isa = PBXGroup;
			children = (
				C672A4A8214A555E0068C75F /* Follow.storyboard */,
			);
			path = Follew;
			sourceTree = "<group>";
		};
		C672A49D214A47230068C75F /* Home */ = {
			isa = PBXGroup;
			children = (
				C672A4B2214A5E0D0068C75F /* Model */,
				C672A4B1214A5E0D0068C75F /* View */,
				C672A4B0214A5E0D0068C75F /* Controller */,
			);
			path = Home;
			sourceTree = "<group>";
		};
		C672A49E214A47230068C75F /* Live */ = {
			isa = PBXGroup;
			children = (
				C672A4A5214A55150068C75F /* Live.storyboard */,
			);
			path = Live;
			sourceTree = "<group>";
		};
		C672A49F214A47230068C75F /* Main */ = {
			isa = PBXGroup;
			children = (
				C672A4BB214A5EC40068C75F /* Model */,
				C672A4B3214A5EC40068C75F /* View */,
				C672A4B4214A5EC40068C75F /* Controller */,
			);
			path = Main;
			sourceTree = "<group>";
		};
		C672A4A0214A47230068C75F /* Profile */ = {
			isa = PBXGroup;
			children = (
				C672A4AB214A55950068C75F /* Profile.storyboard */,
			);
			path = Profile;
			sourceTree = "<group>";
		};
		C672A4A1214A47230068C75F /* Tools */ = {
			isa = PBXGroup;
			children = (
				C672A4C0214A79B30068C75F /* Extension */,
				C672A4C5214B46B20068C75F /* Common.swift */,
			);
			path = Tools;
			sourceTree = "<group>";
		};
		C672A4B0214A5E0D0068C75F /* Controller */ = {
			isa = PBXGroup;
			children = (
				C672A4A2214A54580068C75F /* Home.storyboard */,
				C672A4BE214A607D0068C75F /* HomeViewController.swift */,
				C62A7493214CD8BD00CAC34D /* RecommendViewController.swift */,
			);
			path = Controller;
			sourceTree = "<group>";
		};
		C672A4B1214A5E0D0068C75F /* View */ = {
			isa = PBXGroup;
			children = (
			);
			path = View;
			sourceTree = "<group>";
		};
		C672A4B2214A5E0D0068C75F /* Model */ = {
			isa = PBXGroup;
			children = (
			);
			path = Model;
			sourceTree = "<group>";
		};
		C672A4B3214A5EC40068C75F /* View */ = {
			isa = PBXGroup;
			children = (
				C672A4C3214B43AF0068C75F /* PageTitleView.swift */,
				C672A4C7214B5ADD0068C75F /* PageContentView.swift */,
			);
			path = View;
			sourceTree = "<group>";
		};
		C672A4B4214A5EC40068C75F /* Controller */ = {
			isa = PBXGroup;
			children = (
				C672A489214A38970068C75F /* Main.storyboard */,
				C672A4B5214A5EC40068C75F /* DYZB */,
				C672A4BA214A5EC40068C75F /* MainViewController.swift */,
			);
			path = Controller;
			sourceTree = "<group>";
		};
		C672A4B5214A5EC40068C75F /* DYZB */ = {
			isa = PBXGroup;
			children = (
				C672A4B6214A5EC40068C75F /* Classes */,
			);
			path = DYZB;
			sourceTree = "<group>";
		};
		C672A4B6214A5EC40068C75F /* Classes */ = {
			isa = PBXGroup;
			children = (
				C672A4B7214A5EC40068C75F /* Main */,
			);
			path = Classes;
			sourceTree = "<group>";
		};
		C672A4B7214A5EC40068C75F /* Main */ = {
			isa = PBXGroup;
			children = (
				C672A4B8214A5EC40068C75F /* Home.storyboard */,
			);
			path = Main;
			sourceTree = "<group>";
		};
		C672A4BB214A5EC40068C75F /* Model */ = {
			isa = PBXGroup;
			children = (
			);
			path = Model;
			sourceTree = "<group>";
		};
		C672A4C0214A79B30068C75F /* Extension */ = {
			isa = PBXGroup;
			children = (
				C672A4C1214A7A180068C75F /* UIBarButtonItem-Extension.swift */,
				C672A4C9214B5E410068C75F /* UIColor-Extension.swift */,
			);
			path = Extension;
			sourceTree = "<group>";
		};
/* End PBXGroup section */

/* Begin PBXNativeTarget section */
		C672A481214A38970068C75F /* DYZB */ = {
			isa = PBXNativeTarget;
			buildConfigurationList = C672A494214A38970068C75F /* Build configuration list for PBXNativeTarget "DYZB" */;
			buildPhases = (
				C672A47E214A38970068C75F /* Sources */,
				C672A47F214A38970068C75F /* Frameworks */,
				C672A480214A38970068C75F /* Resources */,
			);
			buildRules = (
			);
			dependencies = (
			);
			name = DYZB;
			productName = DYZB;
			productReference = C672A482214A38970068C75F /* DYZB.app */;
			productType = "com.apple.product-type.application";
		};
/* End PBXNativeTarget section */

/* Begin PBXProject section */
		C672A47A214A38970068C75F /* Project object */ = {
			isa = PBXProject;
			attributes = {
				LastSwiftUpdateCheck = 0940;
				LastUpgradeCheck = 0940;
				ORGANIZATIONNAME = hingin;
				TargetAttributes = {
					C672A481214A38970068C75F = {
						CreatedOnToolsVersion = 9.4.1;
					};
				};
			};
			buildConfigurationList = C672A47D214A38970068C75F /* Build configuration list for PBXProject "DYZB" */;
			compatibilityVersion = "Xcode 9.3";
			developmentRegion = en;
			hasScannedForEncodings = 0;
			knownRegions = (
				en,
				Base,
			);
			mainGroup = C672A479214A38970068C75F;
			productRefGroup = C672A483214A38970068C75F /* Products */;
			projectDirPath = "";
			projectRoot = "";
			targets = (
				C672A481214A38970068C75F /* DYZB */,
			);
		};
/* End PBXProject section */

/* Begin PBXResourcesBuildPhase section */
		C672A480214A38970068C75F /* Resources */ = {
			isa = PBXResourcesBuildPhase;
			buildActionMask = 2147483647;
			files = (
				C672A490214A38970068C75F /* LaunchScreen.storyboard in Resources */,
				C672A4A4214A54580068C75F /* Home.storyboard in Resources */,
				C672A4AD214A55950068C75F /* Profile.storyboard in Resources */,
				C672A4BC214A5EC40068C75F /* Home.storyboard in Resources */,
				C672A4A7214A55150068C75F /* Live.storyboard in Resources */,
				C672A498214A436A0068C75F /* Images.xcassets in Resources */,
				C672A4AA214A555E0068C75F /* Follow.storyboard in Resources */,
				C672A48D214A38970068C75F /* Assets.xcassets in Resources */,
				C672A48B214A38970068C75F /* Main.storyboard in Resources */,
			);
			runOnlyForDeploymentPostprocessing = 0;
		};
/* End PBXResourcesBuildPhase section */

/* Begin PBXSourcesBuildPhase section */
		C672A47E214A38970068C75F /* Sources */ = {
			isa = PBXSourcesBuildPhase;
			buildActionMask = 2147483647;
			files = (
				C672A486214A38970068C75F /* AppDelegate.swift in Sources */,
				C672A4CA214B5E410068C75F /* UIColor-Extension.swift in Sources */,
				C62A7494214CD8BD00CAC34D /* RecommendViewController.swift in Sources */,
				C672A4BD214A5EC40068C75F /* MainViewController.swift in Sources */,
				C672A4C4214B43AF0068C75F /* PageTitleView.swift in Sources */,
				C672A4C8214B5ADE0068C75F /* PageContentView.swift in Sources */,
				C672A4C2214A7A180068C75F /* UIBarButtonItem-Extension.swift in Sources */,
				C672A4C6214B46B20068C75F /* Common.swift in Sources */,
				C672A4BF214A607D0068C75F /* HomeViewController.swift in Sources */,
			);
			runOnlyForDeploymentPostprocessing = 0;
		};
/* End PBXSourcesBuildPhase section */

/* Begin PBXVariantGroup section */
		C672A489214A38970068C75F /* Main.storyboard */ = {
			isa = PBXVariantGroup;
			children = (
				C672A48A214A38970068C75F /* Base */,
			);
			name = Main.storyboard;
			sourceTree = "<group>";
		};
		C672A48E214A38970068C75F /* LaunchScreen.storyboard */ = {
			isa = PBXVariantGroup;
			children = (
				C672A48F214A38970068C75F /* Base */,
			);
			name = LaunchScreen.storyboard;
			sourceTree = "<group>";
		};
		C672A4A2214A54580068C75F /* Home.storyboard */ = {
			isa = PBXVariantGroup;
			children = (
				C672A4A3214A54580068C75F /* Base */,
			);
			name = Home.storyboard;
			sourceTree = "<group>";
		};
		C672A4A5214A55150068C75F /* Live.storyboard */ = {
			isa = PBXVariantGroup;
			children = (
				C672A4A6214A55150068C75F /* Base */,
			);
			name = Live.storyboard;
			sourceTree = "<group>";
		};
		C672A4A8214A555E0068C75F /* Follow.storyboard */ = {
			isa = PBXVariantGroup;
			children = (
				C672A4A9214A555E0068C75F /* Base */,
			);
			name = Follow.storyboard;
			sourceTree = "<group>";
		};
		C672A4AB214A55950068C75F /* Profile.storyboard */ = {
			isa = PBXVariantGroup;
			children = (
				C672A4AC214A55950068C75F /* Base */,
			);
			name = Profile.storyboard;
			sourceTree = "<group>";
		};
		C672A4B8214A5EC40068C75F /* Home.storyboard */ = {
			isa = PBXVariantGroup;
			children = (
				C672A4B9214A5EC40068C75F /* Base */,
			);
			name = Home.storyboard;
			sourceTree = "<group>";
		};
/* End PBXVariantGroup section */

/* Begin XCBuildConfiguration section */
		C672A492214A38970068C75F /* Debug */ = {
			isa = XCBuildConfiguration;
			buildSettings = {
				ALWAYS_SEARCH_USER_PATHS = NO;
				CLANG_ANALYZER_NONNULL = YES;
				CLANG_ANALYZER_NUMBER_OBJECT_CONVERSION = YES_AGGRESSIVE;
				CLANG_CXX_LANGUAGE_STANDARD = "gnu++14";
				CLANG_CXX_LIBRARY = "libc++";
				CLANG_ENABLE_MODULES = YES;
				CLANG_ENABLE_OBJC_ARC = YES;
				CLANG_ENABLE_OBJC_WEAK = YES;
				CLANG_WARN_BLOCK_CAPTURE_AUTORELEASING = YES;
				CLANG_WARN_BOOL_CONVERSION = YES;
				CLANG_WARN_COMMA = YES;
				CLANG_WARN_CONSTANT_CONVERSION = YES;
				CLANG_WARN_DEPRECATED_OBJC_IMPLEMENTATIONS = YES;
				CLANG_WARN_DIRECT_OBJC_ISA_USAGE = YES_ERROR;
				CLANG_WARN_DOCUMENTATION_COMMENTS = YES;
				CLANG_WARN_EMPTY_BODY = YES;
				CLANG_WARN_ENUM_CONVERSION = YES;
				CLANG_WARN_INFINITE_RECURSION = YES;
				CLANG_WARN_INT_CONVERSION = YES;
				CLANG_WARN_NON_LITERAL_NULL_CONVERSION = YES;
				CLANG_WARN_OBJC_IMPLICIT_RETAIN_SELF = YES;
				CLANG_WARN_OBJC_LITERAL_CONVERSION = YES;
				CLANG_WARN_OBJC_ROOT_CLASS = YES_ERROR;
				CLANG_WARN_RANGE_LOOP_ANALYSIS = YES;
				CLANG_WARN_STRICT_PROTOTYPES = YES;
				CLANG_WARN_SUSPICIOUS_MOVE = YES;
				CLANG_WARN_UNGUARDED_AVAILABILITY = YES_AGGRESSIVE;
				CLANG_WARN_UNREACHABLE_CODE = YES;
				CLANG_WARN__DUPLICATE_METHOD_MATCH = YES;
				CODE_SIGN_IDENTITY = "iPhone Developer";
				COPY_PHASE_STRIP = NO;
				DEBUG_INFORMATION_FORMAT = dwarf;
				ENABLE_STRICT_OBJC_MSGSEND = YES;
				ENABLE_TESTABILITY = YES;
				GCC_C_LANGUAGE_STANDARD = gnu11;
				GCC_DYNAMIC_NO_PIC = NO;
				GCC_NO_COMMON_BLOCKS = YES;
				GCC_OPTIMIZATION_LEVEL = 0;
				GCC_PREPROCESSOR_DEFINITIONS = (
					"DEBUG=1",
					"$(inherited)",
				);
				GCC_WARN_64_TO_32_BIT_CONVERSION = YES;
				GCC_WARN_ABOUT_RETURN_TYPE = YES_ERROR;
				GCC_WARN_UNDECLARED_SELECTOR = YES;
				GCC_WARN_UNINITIALIZED_AUTOS = YES_AGGRESSIVE;
				GCC_WARN_UNUSED_FUNCTION = YES;
				GCC_WARN_UNUSED_VARIABLE = YES;
				IPHONEOS_DEPLOYMENT_TARGET = 11.4;
				MTL_ENABLE_DEBUG_INFO = YES;
				ONLY_ACTIVE_ARCH = YES;
				SDKROOT = iphoneos;
				SWIFT_ACTIVE_COMPILATION_CONDITIONS = DEBUG;
				SWIFT_OPTIMIZATION_LEVEL = "-Onone";
			};
			name = Debug;
		};
		C672A493214A38970068C75F /* Release */ = {
			isa = XCBuildConfiguration;
			buildSettings = {
				ALWAYS_SEARCH_USER_PATHS = NO;
				CLANG_ANALYZER_NONNULL = YES;
				CLANG_ANALYZER_NUMBER_OBJECT_CONVERSION = YES_AGGRESSIVE;
				CLANG_CXX_LANGUAGE_STANDARD = "gnu++14";
				CLANG_CXX_LIBRARY = "libc++";
				CLANG_ENABLE_MODULES = YES;
				CLANG_ENABLE_OBJC_ARC = YES;
				CLANG_ENABLE_OBJC_WEAK = YES;
				CLANG_WARN_BLOCK_CAPTURE_AUTORELEASING = YES;
				CLANG_WARN_BOOL_CONVERSION = YES;
				CLANG_WARN_COMMA = YES;
				CLANG_WARN_CONSTANT_CONVERSION = YES;
				CLANG_WARN_DEPRECATED_OBJC_IMPLEMENTATIONS = YES;
				CLANG_WARN_DIRECT_OBJC_ISA_USAGE = YES_ERROR;
				CLANG_WARN_DOCUMENTATION_COMMENTS = YES;
				CLANG_WARN_EMPTY_BODY = YES;
				CLANG_WARN_ENUM_CONVERSION = YES;
				CLANG_WARN_INFINITE_RECURSION = YES;
				CLANG_WARN_INT_CONVERSION = YES;
				CLANG_WARN_NON_LITERAL_NULL_CONVERSION = YES;
				CLANG_WARN_OBJC_IMPLICIT_RETAIN_SELF = YES;
				CLANG_WARN_OBJC_LITERAL_CONVERSION = YES;
				CLANG_WARN_OBJC_ROOT_CLASS = YES_ERROR;
				CLANG_WARN_RANGE_LOOP_ANALYSIS = YES;
				CLANG_WARN_STRICT_PROTOTYPES = YES;
				CLANG_WARN_SUSPICIOUS_MOVE = YES;
				CLANG_WARN_UNGUARDED_AVAILABILITY = YES_AGGRESSIVE;
				CLANG_WARN_UNREACHABLE_CODE = YES;
				CLANG_WARN__DUPLICATE_METHOD_MATCH = YES;
				CODE_SIGN_IDENTITY = "iPhone Developer";
				COPY_PHASE_STRIP = NO;
				DEBUG_INFORMATION_FORMAT = "dwarf-with-dsym";
				ENABLE_NS_ASSERTIONS = NO;
				ENABLE_STRICT_OBJC_MSGSEND = YES;
				GCC_C_LANGUAGE_STANDARD = gnu11;
				GCC_NO_COMMON_BLOCKS = YES;
				GCC_WARN_64_TO_32_BIT_CONVERSION = YES;
				GCC_WARN_ABOUT_RETURN_TYPE = YES_ERROR;
				GCC_WARN_UNDECLARED_SELECTOR = YES;
				GCC_WARN_UNINITIALIZED_AUTOS = YES_AGGRESSIVE;
				GCC_WARN_UNUSED_FUNCTION = YES;
				GCC_WARN_UNUSED_VARIABLE = YES;
				IPHONEOS_DEPLOYMENT_TARGET = 11.4;
				MTL_ENABLE_DEBUG_INFO = NO;
				SDKROOT = iphoneos;
				SWIFT_COMPILATION_MODE = wholemodule;
				SWIFT_OPTIMIZATION_LEVEL = "-O";
				VALIDATE_PRODUCT = YES;
			};
			name = Release;
		};
		C672A495214A38970068C75F /* Debug */ = {
			isa = XCBuildConfiguration;
			buildSettings = {
				ASSETCATALOG_COMPILER_APPICON_NAME = AppIcon;
				ASSETCATALOG_COMPILER_LAUNCHIMAGE_NAME = LaunchImage;
				CODE_SIGN_STYLE = Automatic;
				DEVELOPMENT_TEAM = Q559YV6U3R;
				INFOPLIST_FILE = DYZB/Info.plist;
				IPHONEOS_DEPLOYMENT_TARGET = 9.0;
				LD_RUNPATH_SEARCH_PATHS = (
					"$(inherited)",
					"@executable_path/Frameworks",
				);
				PRODUCT_BUNDLE_IDENTIFIER = com.hingin.DYZB;
				PRODUCT_NAME = "$(TARGET_NAME)";
				SWIFT_VERSION = 4.0;
				TARGETED_DEVICE_FAMILY = "1,2";
			};
			name = Debug;
		};
		C672A496214A38970068C75F /* Release */ = {
			isa = XCBuildConfiguration;
			buildSettings = {
				ASSETCATALOG_COMPILER_APPICON_NAME = AppIcon;
				ASSETCATALOG_COMPILER_LAUNCHIMAGE_NAME = LaunchImage;
				CODE_SIGN_STYLE = Automatic;
				DEVELOPMENT_TEAM = Q559YV6U3R;
				INFOPLIST_FILE = DYZB/Info.plist;
				IPHONEOS_DEPLOYMENT_TARGET = 9.0;
				LD_RUNPATH_SEARCH_PATHS = (
					"$(inherited)",
					"@executable_path/Frameworks",
				);
				PRODUCT_BUNDLE_IDENTIFIER = com.hingin.DYZB;
				PRODUCT_NAME = "$(TARGET_NAME)";
				SWIFT_VERSION = 4.0;
				TARGETED_DEVICE_FAMILY = "1,2";
			};
			name = Release;
		};
/* End XCBuildConfiguration section */

/* Begin XCConfigurationList section */
		C672A47D214A38970068C75F /* Build configuration list for PBXProject "DYZB" */ = {
			isa = XCConfigurationList;
			buildConfigurations = (
				C672A492214A38970068C75F /* Debug */,
				C672A493214A38970068C75F /* Release */,
			);
			defaultConfigurationIsVisible = 0;
			defaultConfigurationName = Release;
		};
		C672A494214A38970068C75F /* Build configuration list for PBXNativeTarget "DYZB" */ = {
			isa = XCConfigurationList;
			buildConfigurations = (
				C672A495214A38970068C75F /* Debug */,
				C672A496214A38970068C75F /* Release */,
			);
			defaultConfigurationIsVisible = 0;
			defaultConfigurationName = Release;
		};
/* End XCConfigurationList section */
	};
	rootObject = C672A47A214A38970068C75F /* Project object */;
}
